// !$*UTF8*$!
{
	archiveVersion = 1;
	classes = {
	};
	objectVersion = 56;
	objects = {

/* Begin PBXBuildFile section */
		B475F91E2A7D5DF8007DAA03 /* HappyFaceApp.swift in Sources */ = {isa = PBXBuildFile; fileRef = B475F91D2A7D5DF8007DAA03 /* HappyFaceApp.swift */; };
		B475F9202A7D5DF8007DAA03 /* ContentView.swift in Sources */ = {isa = PBXBuildFile; fileRef = B475F91F2A7D5DF8007DAA03 /* ContentView.swift */; };
		B475F9222A7D5DF9007DAA03 /* Assets.xcassets in Resources */ = {isa = PBXBuildFile; fileRef = B475F9212A7D5DF9007DAA03 /* Assets.xcassets */; };
		B475F9252A7D5DF9007DAA03 /* Preview Assets.xcassets in Resources */ = {isa = PBXBuildFile; fileRef = B475F9242A7D5DF9007DAA03 /* Preview Assets.xcassets */; };
		B475F94E2A80E224007DAA03 /* GoogleService-Info.plist in Resources */ = {isa = PBXBuildFile; fileRef = B475F94D2A80E224007DAA03 /* GoogleService-Info.plist */; };
		B475F9512A80EBB6007DAA03 /* FirebaseAnalytics in Frameworks */ = {isa = PBXBuildFile; productRef = B475F9502A80EBB6007DAA03 /* FirebaseAnalytics */; };
		B475F9532A80EBB6007DAA03 /* FirebaseAnalyticsSwift in Frameworks */ = {isa = PBXBuildFile; productRef = B475F9522A80EBB6007DAA03 /* FirebaseAnalyticsSwift */; };
		B475F9562A811417007DAA03 /* FirebaseAuth in Frameworks */ = {isa = PBXBuildFile; productRef = B475F9552A811417007DAA03 /* FirebaseAuth */; };
		B475F9592A81157D007DAA03 /* AuthenticationView.swift in Sources */ = {isa = PBXBuildFile; fileRef = B475F9582A81157D007DAA03 /* AuthenticationView.swift */; };
		B475F95B2A811895007DAA03 /* SignInEmailView.swift in Sources */ = {isa = PBXBuildFile; fileRef = B475F95A2A811895007DAA03 /* SignInEmailView.swift */; };
		B475F95D2A8129E2007DAA03 /* AuthenticationManage.swift in Sources */ = {isa = PBXBuildFile; fileRef = B475F95C2A8129E2007DAA03 /* AuthenticationManage.swift */; };
		B475F95F2A815527007DAA03 /* RootView.swift in Sources */ = {isa = PBXBuildFile; fileRef = B475F95E2A815527007DAA03 /* RootView.swift */; };
		B475F9612A8167AE007DAA03 /* SettingsView.swift in Sources */ = {isa = PBXBuildFile; fileRef = B475F9602A8167AE007DAA03 /* SettingsView.swift */; };
/* End PBXBuildFile section */

/* Begin PBXFileReference section */
		B475F91A2A7D5DF8007DAA03 /* HappyFace.app */ = {isa = PBXFileReference; explicitFileType = wrapper.application; includeInIndex = 0; path = HappyFace.app; sourceTree = BUILT_PRODUCTS_DIR; };
		B475F91D2A7D5DF8007DAA03 /* HappyFaceApp.swift */ = {isa = PBXFileReference; lastKnownFileType = sourcecode.swift; path = HappyFaceApp.swift; sourceTree = "<group>"; };
		B475F91F2A7D5DF8007DAA03 /* ContentView.swift */ = {isa = PBXFileReference; lastKnownFileType = sourcecode.swift; path = ContentView.swift; sourceTree = "<group>"; };
		B475F9212A7D5DF9007DAA03 /* Assets.xcassets */ = {isa = PBXFileReference; lastKnownFileType = folder.assetcatalog; path = Assets.xcassets; sourceTree = "<group>"; };
		B475F9242A7D5DF9007DAA03 /* Preview Assets.xcassets */ = {isa = PBXFileReference; lastKnownFileType = folder.assetcatalog; path = "Preview Assets.xcassets"; sourceTree = "<group>"; };
		B475F94D2A80E224007DAA03 /* GoogleService-Info.plist */ = {isa = PBXFileReference; fileEncoding = 4; lastKnownFileType = text.plist.xml; path = "GoogleService-Info.plist"; sourceTree = "<group>"; };
		B475F9582A81157D007DAA03 /* AuthenticationView.swift */ = {isa = PBXFileReference; lastKnownFileType = sourcecode.swift; path = AuthenticationView.swift; sourceTree = "<group>"; };
		B475F95A2A811895007DAA03 /* SignInEmailView.swift */ = {isa = PBXFileReference; lastKnownFileType = sourcecode.swift; path = SignInEmailView.swift; sourceTree = "<group>"; };
		B475F95C2A8129E2007DAA03 /* AuthenticationManage.swift */ = {isa = PBXFileReference; lastKnownFileType = sourcecode.swift; path = AuthenticationManage.swift; sourceTree = "<group>"; };
		B475F95E2A815527007DAA03 /* RootView.swift */ = {isa = PBXFileReference; lastKnownFileType = sourcecode.swift; path = RootView.swift; sourceTree = "<group>"; };
		B475F9602A8167AE007DAA03 /* SettingsView.swift */ = {isa = PBXFileReference; lastKnownFileType = sourcecode.swift; path = SettingsView.swift; sourceTree = "<group>"; };
/* End PBXFileReference section */

/* Begin PBXFrameworksBuildPhase section */
		B475F9172A7D5DF8007DAA03 /* Frameworks */ = {
			isa = PBXFrameworksBuildPhase;
			buildActionMask = 2147483647;
			files = (
				B475F9532A80EBB6007DAA03 /* FirebaseAnalyticsSwift in Frameworks */,
				B475F9562A811417007DAA03 /* FirebaseAuth in Frameworks */,
				B475F9512A80EBB6007DAA03 /* FirebaseAnalytics in Frameworks */,
			);
			runOnlyForDeploymentPostprocessing = 0;
		};
/* End PBXFrameworksBuildPhase section */

/* Begin PBXGroup section */
		B475F9112A7D5DF8007DAA03 = {
			isa = PBXGroup;
			children = (
				B475F91C2A7D5DF8007DAA03 /* HappyFace */,
				B475F91B2A7D5DF8007DAA03 /* Products */,
				B475F9542A811417007DAA03 /* Frameworks */,
			);
			sourceTree = "<group>";
		};
		B475F91B2A7D5DF8007DAA03 /* Products */ = {
			isa = PBXGroup;
			children = (
				B475F91A2A7D5DF8007DAA03 /* HappyFace.app */,
			);
			name = Products;
			sourceTree = "<group>";
		};
		B475F91C2A7D5DF8007DAA03 /* HappyFace */ = {
			isa = PBXGroup;
			children = (
				B475F91D2A7D5DF8007DAA03 /* HappyFaceApp.swift */,
				B475F91F2A7D5DF8007DAA03 /* ContentView.swift */,
				B475F9572A811557007DAA03 /* Authentication */,
				B475F94D2A80E224007DAA03 /* GoogleService-Info.plist */,
				B475F9212A7D5DF9007DAA03 /* Assets.xcassets */,
				B475F9232A7D5DF9007DAA03 /* Preview Content */,
			);
			path = HappyFace;
			sourceTree = "<group>";
		};
		B475F9232A7D5DF9007DAA03 /* Preview Content */ = {
			isa = PBXGroup;
			children = (
				B475F9242A7D5DF9007DAA03 /* Preview Assets.xcassets */,
			);
			path = "Preview Content";
			sourceTree = "<group>";
		};
		B475F9542A811417007DAA03 /* Frameworks */ = {
			isa = PBXGroup;
			children = (
			);
			name = Frameworks;
			sourceTree = "<group>";
		};
		B475F9572A811557007DAA03 /* Authentication */ = {
			isa = PBXGroup;
			children = (
				B475F95E2A815527007DAA03 /* RootView.swift */,
				B475F9582A81157D007DAA03 /* AuthenticationView.swift */,
				B475F95A2A811895007DAA03 /* SignInEmailView.swift */,
				B475F9602A8167AE007DAA03 /* SettingsView.swift */,
				B475F95C2A8129E2007DAA03 /* AuthenticationManage.swift */,
			);
			path = Authentication;
			sourceTree = "<group>";
		};
/* End PBXGroup section */

/* Begin PBXNativeTarget section */
		B475F9192A7D5DF8007DAA03 /* HappyFace */ = {
			isa = PBXNativeTarget;
			buildConfigurationList = B475F9282A7D5DF9007DAA03 /* Build configuration list for PBXNativeTarget "HappyFace" */;
			buildPhases = (
				B475F9162A7D5DF8007DAA03 /* Sources */,
				B475F9172A7D5DF8007DAA03 /* Frameworks */,
				B475F9182A7D5DF8007DAA03 /* Resources */,
			);
			buildRules = (
			);
			dependencies = (
			);
			name = HappyFace;
			packageProductDependencies = (
				B475F9502A80EBB6007DAA03 /* FirebaseAnalytics */,
				B475F9522A80EBB6007DAA03 /* FirebaseAnalyticsSwift */,
				B475F9552A811417007DAA03 /* FirebaseAuth */,
			);
			productName = HappyFace;
			productReference = B475F91A2A7D5DF8007DAA03 /* HappyFace.app */;
			productType = "com.apple.product-type.application";
		};
/* End PBXNativeTarget section */

/* Begin PBXProject section */
		B475F9122A7D5DF8007DAA03 /* Project object */ = {
			isa = PBXProject;
			attributes = {
				BuildIndependentTargetsInParallel = 1;
				LastSwiftUpdateCheck = 1420;
				LastUpgradeCheck = 1420;
				TargetAttributes = {
					B475F9192A7D5DF8007DAA03 = {
						CreatedOnToolsVersion = 14.2;
					};
				};
			};
			buildConfigurationList = B475F9152A7D5DF8007DAA03 /* Build configuration list for PBXProject "HappyFace" */;
			compatibilityVersion = "Xcode 14.0";
			developmentRegion = en;
			hasScannedForEncodings = 0;
			knownRegions = (
				en,
				Base,
			);
			mainGroup = B475F9112A7D5DF8007DAA03;
			packageReferences = (
				B475F94F2A80EBB6007DAA03 /* XCRemoteSwiftPackageReference "firebase-ios-sdk" */,
			);
			productRefGroup = B475F91B2A7D5DF8007DAA03 /* Products */;
			projectDirPath = "";
			projectRoot = "";
			targets = (
				B475F9192A7D5DF8007DAA03 /* HappyFace */,
			);
		};
/* End PBXProject section */

/* Begin PBXResourcesBuildPhase section */
		B475F9182A7D5DF8007DAA03 /* Resources */ = {
			isa = PBXResourcesBuildPhase;
			buildActionMask = 2147483647;
			files = (
				B475F9252A7D5DF9007DAA03 /* Preview Assets.xcassets in Resources */,
				B475F9222A7D5DF9007DAA03 /* Assets.xcassets in Resources */,
				B475F94E2A80E224007DAA03 /* GoogleService-Info.plist in Resources */,
			);
			runOnlyForDeploymentPostprocessing = 0;
		};
/* End PBXResourcesBuildPhase section */

/* Begin PBXSourcesBuildPhase section */
		B475F9162A7D5DF8007DAA03 /* Sources */ = {
			isa = PBXSourcesBuildPhase;
			buildActionMask = 2147483647;
			files = (
				B475F9612A8167AE007DAA03 /* SettingsView.swift in Sources */,
				B475F9202A7D5DF8007DAA03 /* ContentView.swift in Sources */,
				B475F91E2A7D5DF8007DAA03 /* HappyFaceApp.swift in Sources */,
				B475F95F2A815527007DAA03 /* RootView.swift in Sources */,
				B475F9592A81157D007DAA03 /* AuthenticationView.swift in Sources */,
				B475F95D2A8129E2007DAA03 /* AuthenticationManage.swift in Sources */,
				B475F95B2A811895007DAA03 /* SignInEmailView.swift in Sources */,
			);
			runOnlyForDeploymentPostprocessing = 0;
		};
/* End PBXSourcesBuildPhase section */

/* Begin XCBuildConfiguration section */
		B475F9262A7D5DF9007DAA03 /* Debug */ = {
			isa = XCBuildConfiguration;
			buildSettings = {
				ALWAYS_SEARCH_USER_PATHS = NO;
				CLANG_ANALYZER_NONNULL = YES;
				CLANG_ANALYZER_NUMBER_OBJECT_CONVERSION = YES_AGGRESSIVE;
				CLANG_CXX_LANGUAGE_STANDARD = "gnu++20";
				CLANG_ENABLE_MODULES = YES;
				CLANG_ENABLE_OBJC_ARC = YES;
				CLANG_ENABLE_OBJC_WEAK = YES;
				CLANG_WARN_BLOCK_CAPTURE_AUTORELEASING = YES;
				CLANG_WARN_BOOL_CONVERSION = YES;
				CLANG_WARN_COMMA = YES;
				CLANG_WARN_CONSTANT_CONVERSION = YES;
				CLANG_WARN_DEPRECATED_OBJC_IMPLEMENTATIONS = YES;
				CLANG_WARN_DIRECT_OBJC_ISA_USAGE = YES_ERROR;
				CLANG_WARN_DOCUMENTATION_COMMENTS = YES;
				CLANG_WARN_EMPTY_BODY = YES;
				CLANG_WARN_ENUM_CONVERSION = YES;
				CLANG_WARN_INFINITE_RECURSION = YES;
				CLANG_WARN_INT_CONVERSION = YES;
				CLANG_WARN_NON_LITERAL_NULL_CONVERSION = YES;
				CLANG_WARN_OBJC_IMPLICIT_RETAIN_SELF = YES;
				CLANG_WARN_OBJC_LITERAL_CONVERSION = YES;
				CLANG_WARN_OBJC_ROOT_CLASS = YES_ERROR;
				CLANG_WARN_QUOTED_INCLUDE_IN_FRAMEWORK_HEADER = YES;
				CLANG_WARN_RANGE_LOOP_ANALYSIS = YES;
				CLANG_WARN_STRICT_PROTOTYPES = YES;
				CLANG_WARN_SUSPICIOUS_MOVE = YES;
				CLANG_WARN_UNGUARDED_AVAILABILITY = YES_AGGRESSIVE;
				CLANG_WARN_UNREACHABLE_CODE = YES;
				CLANG_WARN__DUPLICATE_METHOD_MATCH = YES;
				COPY_PHASE_STRIP = NO;
				DEBUG_INFORMATION_FORMAT = dwarf;
				ENABLE_STRICT_OBJC_MSGSEND = YES;
				ENABLE_TESTABILITY = YES;
				GCC_C_LANGUAGE_STANDARD = gnu11;
				GCC_DYNAMIC_NO_PIC = NO;
				GCC_NO_COMMON_BLOCKS = YES;
				GCC_OPTIMIZATION_LEVEL = 0;
				GCC_PREPROCESSOR_DEFINITIONS = (
					"DEBUG=1",
					"$(inherited)",
				);
				GCC_WARN_64_TO_32_BIT_CONVERSION = YES;
				GCC_WARN_ABOUT_RETURN_TYPE = YES_ERROR;
				GCC_WARN_UNDECLARED_SELECTOR = YES;
				GCC_WARN_UNINITIALIZED_AUTOS = YES_AGGRESSIVE;
				GCC_WARN_UNUSED_FUNCTION = YES;
				GCC_WARN_UNUSED_VARIABLE = YES;
				IPHONEOS_DEPLOYMENT_TARGET = 16.2;
				MTL_ENABLE_DEBUG_INFO = INCLUDE_SOURCE;
				MTL_FAST_MATH = YES;
				ONLY_ACTIVE_ARCH = YES;
				SDKROOT = iphoneos;
				SWIFT_ACTIVE_COMPILATION_CONDITIONS = DEBUG;
				SWIFT_OPTIMIZATION_LEVEL = "-Onone";
			};
			name = Debug;
		};
		B475F9272A7D5DF9007DAA03 /* Release */ = {
			isa = XCBuildConfiguration;
			buildSettings = {
				ALWAYS_SEARCH_USER_PATHS = NO;
				CLANG_ANALYZER_NONNULL = YES;
				CLANG_ANALYZER_NUMBER_OBJECT_CONVERSION = YES_AGGRESSIVE;
				CLANG_CXX_LANGUAGE_STANDARD = "gnu++20";
				CLANG_ENABLE_MODULES = YES;
				CLANG_ENABLE_OBJC_ARC = YES;
				CLANG_ENABLE_OBJC_WEAK = YES;
				CLANG_WARN_BLOCK_CAPTURE_AUTORELEASING = YES;
				CLANG_WARN_BOOL_CONVERSION = YES;
				CLANG_WARN_COMMA = YES;
				CLANG_WARN_CONSTANT_CONVERSION = YES;
				CLANG_WARN_DEPRECATED_OBJC_IMPLEMENTATIONS = YES;
				CLANG_WARN_DIRECT_OBJC_ISA_USAGE = YES_ERROR;
				CLANG_WARN_DOCUMENTATION_COMMENTS = YES;
				CLANG_WARN_EMPTY_BODY = YES;
				CLANG_WARN_ENUM_CONVERSION = YES;
				CLANG_WARN_INFINITE_RECURSION = YES;
				CLANG_WARN_INT_CONVERSION = YES;
				CLANG_WARN_NON_LITERAL_NULL_CONVERSION = YES;
				CLANG_WARN_OBJC_IMPLICIT_RETAIN_SELF = YES;
				CLANG_WARN_OBJC_LITERAL_CONVERSION = YES;
				CLANG_WARN_OBJC_ROOT_CLASS = YES_ERROR;
				CLANG_WARN_QUOTED_INCLUDE_IN_FRAMEWORK_HEADER = YES;
				CLANG_WARN_RANGE_LOOP_ANALYSIS = YES;
				CLANG_WARN_STRICT_PROTOTYPES = YES;
				CLANG_WARN_SUSPICIOUS_MOVE = YES;
				CLANG_WARN_UNGUARDED_AVAILABILITY = YES_AGGRESSIVE;
				CLANG_WARN_UNREACHABLE_CODE = YES;
				CLANG_WARN__DUPLICATE_METHOD_MATCH = YES;
				COPY_PHASE_STRIP = NO;
				DEBUG_INFORMATION_FORMAT = "dwarf-with-dsym";
				ENABLE_NS_ASSERTIONS = NO;
				ENABLE_STRICT_OBJC_MSGSEND = YES;
				GCC_C_LANGUAGE_STANDARD = gnu11;
				GCC_NO_COMMON_BLOCKS = YES;
				GCC_WARN_64_TO_32_BIT_CONVERSION = YES;
				GCC_WARN_ABOUT_RETURN_TYPE = YES_ERROR;
				GCC_WARN_UNDECLARED_SELECTOR = YES;
				GCC_WARN_UNINITIALIZED_AUTOS = YES_AGGRESSIVE;
				GCC_WARN_UNUSED_FUNCTION = YES;
				GCC_WARN_UNUSED_VARIABLE = YES;
				IPHONEOS_DEPLOYMENT_TARGET = 16.2;
				MTL_ENABLE_DEBUG_INFO = NO;
				MTL_FAST_MATH = YES;
				SDKROOT = iphoneos;
				SWIFT_COMPILATION_MODE = wholemodule;
				SWIFT_OPTIMIZATION_LEVEL = "-O";
				VALIDATE_PRODUCT = YES;
			};
			name = Release;
		};
		B475F9292A7D5DF9007DAA03 /* Debug */ = {
			isa = XCBuildConfiguration;
			buildSettings = {
				ASSETCATALOG_COMPILER_APPICON_NAME = AppIcon;
				ASSETCATALOG_COMPILER_GLOBAL_ACCENT_COLOR_NAME = AccentColor;
				CODE_SIGN_STYLE = Automatic;
				CURRENT_PROJECT_VERSION = 1;
				DEVELOPMENT_ASSET_PATHS = "\"HappyFace/Preview Content\"";
				DEVELOPMENT_TEAM = 8VXC22CHMF;
				ENABLE_PREVIEWS = YES;
				GENERATE_INFOPLIST_FILE = YES;
				INFOPLIST_KEY_UIApplicationSceneManifest_Generation = YES;
				INFOPLIST_KEY_UIApplicationSupportsIndirectInputEvents = YES;
				INFOPLIST_KEY_UILaunchScreen_Generation = YES;
				INFOPLIST_KEY_UISupportedInterfaceOrientations_iPad = "UIInterfaceOrientationPortrait UIInterfaceOrientationPortraitUpsideDown UIInterfaceOrientationLandscapeLeft UIInterfaceOrientationLandscapeRight";
				INFOPLIST_KEY_UISupportedInterfaceOrientations_iPhone = "UIInterfaceOrientationPortrait UIInterfaceOrientationLandscapeLeft UIInterfaceOrientationLandscapeRight";
				LD_RUNPATH_SEARCH_PATHS = (
					"$(inherited)",
					"@executable_path/Frameworks",
				);
				MARKETING_VERSION = 1.0;
				PRODUCT_BUNDLE_IDENTIFIER = p.w.HappyFace;
				PRODUCT_NAME = "$(TARGET_NAME)";
				SWIFT_EMIT_LOC_STRINGS = YES;
				SWIFT_VERSION = 5.0;
				TARGETED_DEVICE_FAMILY = "1,2";
			};
			name = Debug;
		};
		B475F92A2A7D5DF9007DAA03 /* Release */ = {
			isa = XCBuildConfiguration;
			buildSettings = {
				ASSETCATALOG_COMPILER_APPICON_NAME = AppIcon;
				ASSETCATALOG_COMPILER_GLOBAL_ACCENT_COLOR_NAME = AccentColor;
				CODE_SIGN_STYLE = Automatic;
				CURRENT_PROJECT_VERSION = 1;
				DEVELOPMENT_ASSET_PATHS = "\"HappyFace/Preview Content\"";
				DEVELOPMENT_TEAM = 8VXC22CHMF;
				ENABLE_PREVIEWS = YES;
				GENERATE_INFOPLIST_FILE = YES;
				INFOPLIST_KEY_UIApplicationSceneManifest_Generation = YES;
				INFOPLIST_KEY_UIApplicationSupportsIndirectInputEvents = YES;
				INFOPLIST_KEY_UILaunchScreen_Generation = YES;
				INFOPLIST_KEY_UISupportedInterfaceOrientations_iPad = "UIInterfaceOrientationPortrait UIInterfaceOrientationPortraitUpsideDown UIInterfaceOrientationLandscapeLeft UIInterfaceOrientationLandscapeRight";
				INFOPLIST_KEY_UISupportedInterfaceOrientations_iPhone = "UIInterfaceOrientationPortrait UIInterfaceOrientationLandscapeLeft UIInterfaceOrientationLandscapeRight";
				LD_RUNPATH_SEARCH_PATHS = (
					"$(inherited)",
					"@executable_path/Frameworks",
				);
				MARKETING_VERSION = 1.0;
				PRODUCT_BUNDLE_IDENTIFIER = p.w.HappyFace;
				PRODUCT_NAME = "$(TARGET_NAME)";
				SWIFT_EMIT_LOC_STRINGS = YES;
				SWIFT_VERSION = 5.0;
				TARGETED_DEVICE_FAMILY = "1,2";
			};
			name = Release;
		};
/* End XCBuildConfiguration section */

/* Begin XCConfigurationList section */
		B475F9152A7D5DF8007DAA03 /* Build configuration list for PBXProject "HappyFace" */ = {
			isa = XCConfigurationList;
			buildConfigurations = (
				B475F9262A7D5DF9007DAA03 /* Debug */,
				B475F9272A7D5DF9007DAA03 /* Release */,
			);
			defaultConfigurationIsVisible = 0;
			defaultConfigurationName = Release;
		};
		B475F9282A7D5DF9007DAA03 /* Build configuration list for PBXNativeTarget "HappyFace" */ = {
			isa = XCConfigurationList;
			buildConfigurations = (
				B475F9292A7D5DF9007DAA03 /* Debug */,
				B475F92A2A7D5DF9007DAA03 /* Release */,
			);
			defaultConfigurationIsVisible = 0;
			defaultConfigurationName = Release;
		};
/* End XCConfigurationList section */

/* Begin XCRemoteSwiftPackageReference section */
		B475F94F2A80EBB6007DAA03 /* XCRemoteSwiftPackageReference "firebase-ios-sdk" */ = {
			isa = XCRemoteSwiftPackageReference;
			repositoryURL = "https://github.com/firebase/firebase-ios-sdk";
			requirement = {
				kind = exactVersion;
				version = 10.13.0;
			};
		};
/* End XCRemoteSwiftPackageReference section */

/* Begin XCSwiftPackageProductDependency section */
		B475F9502A80EBB6007DAA03 /* FirebaseAnalytics */ = {
			isa = XCSwiftPackageProductDependency;
			package = B475F94F2A80EBB6007DAA03 /* XCRemoteSwiftPackageReference "firebase-ios-sdk" */;
			productName = FirebaseAnalytics;
		};
		B475F9522A80EBB6007DAA03 /* FirebaseAnalyticsSwift */ = {
			isa = XCSwiftPackageProductDependency;
			package = B475F94F2A80EBB6007DAA03 /* XCRemoteSwiftPackageReference "firebase-ios-sdk" */;
			productName = FirebaseAnalyticsSwift;
		};
		B475F9552A811417007DAA03 /* FirebaseAuth */ = {
			isa = XCSwiftPackageProductDependency;
			package = B475F94F2A80EBB6007DAA03 /* XCRemoteSwiftPackageReference "firebase-ios-sdk" */;
			productName = FirebaseAuth;
		};
/* End XCSwiftPackageProductDependency section */
	};
	rootObject = B475F9122A7D5DF8007DAA03 /* Project object */;
}
